
Microsoft Visual Studio Solution File, Format Version 12.00
# Visual Studio Version 16
VisualStudioVersion = 16.0.30907.101
MinimumVisualStudioVersion = 10.0.40219.1
Project("{FAE04EC0-301F-11D3-BF4B-00C04F79EFBC}") = "GitCheckProject", "GitCheckProject\GitCheckProject.csproj", "{B56ECD44-2A6D-4753-A495-0DDB7BEDE539}"
EndProject
Global
	GlobalSection(SolutionConfigurationPlatforms) = preSolution
		Debug|Any CPU = Debug|Any CPU
		Release|Any CPU = Release|Any CPU
	EndGlobalSection
	GlobalSection(ProjectConfigurationPlatforms) = postSolution
		{B56ECD44-2A6D-4753-A495-0DDB7BEDE539}.Debug|Any CPU.ActiveCfg = Debug|Any CPU
		{B56ECD44-2A6D-4753-A495-0DDB7BEDE539}.Debug|Any CPU.Build.0 = Debug|Any CPU
		{B56ECD44-2A6D-4753-A495-0DDB7BEDE539}.Release|Any CPU.ActiveCfg = Release|Any CPU
		{B56ECD44-2A6D-4753-A495-0DDB7BEDE539}.Release|Any CPU.Build.0 = Release|Any CPU
	EndGlobalSection
	GlobalSection(SolutionProperties) = preSolution
		HideSolutionNode = FALSE
	EndGlobalSection
	GlobalSection(ExtensibilityGlobals) = postSolution
		SolutionGuid = {67ABE982-0496-4DD0-A2EF-87EC00F64218}
	EndGlobalSection
EndGlobal
